
Microsoft Visual Studio Solution File, Format Version 12.00
# Visual Studio 15
Project("{FAE04EC0-301F-11D3-BF4B-00C04F79EFBC}") = "SchoolLibrary", "SchoolLibrary\SchoolLibrary.csproj", "{A9E806BC-3707-4882-A52F-CE1620DC83BC}"
EndProject
Global
	GlobalSection(SolutionConfigurationPlatforms) = preSolution
		Debug|Any CPU = Debug|Any CPU
		Release|Any CPU = Release|Any CPU
	EndGlobalSection
	GlobalSection(ProjectConfigurationPlatforms) = postSolution
		{A9E806BC-3707-4882-A52F-CE1620DC83BC}.Debug|Any CPU.ActiveCfg = Debug|Any CPU
		{A9E806BC-3707-4882-A52F-CE1620DC83BC}.Debug|Any CPU.Build.0 = Debug|Any CPU
		{A9E806BC-3707-4882-A52F-CE1620DC83BC}.Release|Any CPU.ActiveCfg = Release|Any CPU
		{A9E806BC-3707-4882-A52F-CE1620DC83BC}.Release|Any CPU.Build.0 = Release|Any CPU
	EndGlobalSection
EndGlobal
